// !$*UTF8*$!
{
	archiveVersion = 1;
	classes = {
	};
	objectVersion = 50;
	objects = {

/* Begin PBXBuildFile section */
		09189EEF25DAF6CD00A84EAF /* AppDelegate.swift in Sources */ = {isa = PBXBuildFile; fileRef = 09189EEE25DAF6CD00A84EAF /* AppDelegate.swift */; };
		09189EF125DAF6CD00A84EAF /* SceneDelegate.swift in Sources */ = {isa = PBXBuildFile; fileRef = 09189EF025DAF6CD00A84EAF /* SceneDelegate.swift */; };
		09189EF625DAF6CD00A84EAF /* Main.storyboard in Resources */ = {isa = PBXBuildFile; fileRef = 09189EF425DAF6CD00A84EAF /* Main.storyboard */; };
		09189EF825DAF6D000A84EAF /* Assets.xcassets in Resources */ = {isa = PBXBuildFile; fileRef = 09189EF725DAF6D000A84EAF /* Assets.xcassets */; };
		09189EFB25DAF6D000A84EAF /* LaunchScreen.storyboard in Resources */ = {isa = PBXBuildFile; fileRef = 09189EF925DAF6D000A84EAF /* LaunchScreen.storyboard */; };
		09189F0F25DBCE4D00A84EAF /* TasksController.swift in Sources */ = {isa = PBXBuildFile; fileRef = 09189F0E25DBCE4D00A84EAF /* TasksController.swift */; };
		09189F1725DBF30A00A84EAF /* StorageTasksModel.swift in Sources */ = {isa = PBXBuildFile; fileRef = 09189F1625DBF30A00A84EAF /* StorageTasksModel.swift */; };
		09189F1F25DC0F5A00A84EAF /* CustomCell.swift in Sources */ = {isa = PBXBuildFile; fileRef = 09189F1E25DC0F5A00A84EAF /* CustomCell.swift */; };
		09189F2525DC24B100A84EAF /* TopViewLogo.swift in Sources */ = {isa = PBXBuildFile; fileRef = 09189F2425DC24B100A84EAF /* TopViewLogo.swift */; };
		0960EE2325DDA58B00656093 /* AnchorExtension.swift in Sources */ = {isa = PBXBuildFile; fileRef = 0960EE2225DDA58B00656093 /* AnchorExtension.swift */; };
		09AA3BD225E4062D00B0E290 /* TaskProtocols.swift in Sources */ = {isa = PBXBuildFile; fileRef = 09AA3BD125E4062D00B0E290 /* TaskProtocols.swift */; };
		09AA3BE525E4FFB500B0E290 /* EditScreenController.swift in Sources */ = {isa = PBXBuildFile; fileRef = 09AA3BE425E4FFB500B0E290 /* EditScreenController.swift */; };
		09AA3BE925E52C4C00B0E290 /* BottomView.swift in Sources */ = {isa = PBXBuildFile; fileRef = 09AA3BE825E52C4C00B0E290 /* BottomView.swift */; };
		09AA3BF425E68CD500B0E290 /* CustomTextField.swift in Sources */ = {isa = PBXBuildFile; fileRef = 09AA3BF325E68CD500B0E290 /* CustomTextField.swift */; };
		09AA3BF725E691BD00B0E290 /* DataFieldsModel.swift in Sources */ = {isa = PBXBuildFile; fileRef = 09AA3BF625E691BD00B0E290 /* DataFieldsModel.swift */; };
		09AA3BFA25E6922000B0E290 /* DescriptionTaskField.swift in Sources */ = {isa = PBXBuildFile; fileRef = 09AA3BF925E6922000B0E290 /* DescriptionTaskField.swift */; };
		09AA3C2825EA5D2400B0E290 /* FieldsProtocols.swift in Sources */ = {isa = PBXBuildFile; fileRef = 09AA3C2725EA5D2400B0E290 /* FieldsProtocols.swift */; };
		09AA3C2E25EA96EB00B0E290 /* PresentDataMode.swift in Sources */ = {isa = PBXBuildFile; fileRef = 09AA3C2D25EA96EB00B0E290 /* PresentDataMode.swift */; };
		09C5748E25E161CA0092CC26 /* CenterYTextViewExtension.swift in Sources */ = {isa = PBXBuildFile; fileRef = 09C5748D25E161CA0092CC26 /* CenterYTextViewExtension.swift */; };
/* End PBXBuildFile section */

/* Begin PBXFileReference section */
		09189EEB25DAF6CD00A84EAF /* PlanIt.app */ = {isa = PBXFileReference; explicitFileType = wrapper.application; includeInIndex = 0; path = PlanIt.app; sourceTree = BUILT_PRODUCTS_DIR; };
		09189EEE25DAF6CD00A84EAF /* AppDelegate.swift */ = {isa = PBXFileReference; lastKnownFileType = sourcecode.swift; path = AppDelegate.swift; sourceTree = "<group>"; };
		09189EF025DAF6CD00A84EAF /* SceneDelegate.swift */ = {isa = PBXFileReference; lastKnownFileType = sourcecode.swift; path = SceneDelegate.swift; sourceTree = "<group>"; };
		09189EF525DAF6CD00A84EAF /* Base */ = {isa = PBXFileReference; lastKnownFileType = file.storyboard; name = Base; path = Base.lproj/Main.storyboard; sourceTree = "<group>"; };
		09189EF725DAF6D000A84EAF /* Assets.xcassets */ = {isa = PBXFileReference; lastKnownFileType = folder.assetcatalog; path = Assets.xcassets; sourceTree = "<group>"; };
		09189EFA25DAF6D000A84EAF /* Base */ = {isa = PBXFileReference; lastKnownFileType = file.storyboard; name = Base; path = Base.lproj/LaunchScreen.storyboard; sourceTree = "<group>"; };
		09189EFC25DAF6D000A84EAF /* Info.plist */ = {isa = PBXFileReference; lastKnownFileType = text.plist.xml; path = Info.plist; sourceTree = "<group>"; };
		09189F0E25DBCE4D00A84EAF /* TasksController.swift */ = {isa = PBXFileReference; lastKnownFileType = sourcecode.swift; path = TasksController.swift; sourceTree = "<group>"; };
		09189F1625DBF30A00A84EAF /* StorageTasksModel.swift */ = {isa = PBXFileReference; lastKnownFileType = sourcecode.swift; path = StorageTasksModel.swift; sourceTree = "<group>"; };
		09189F1E25DC0F5A00A84EAF /* CustomCell.swift */ = {isa = PBXFileReference; lastKnownFileType = sourcecode.swift; path = CustomCell.swift; sourceTree = "<group>"; };
		09189F2425DC24B100A84EAF /* TopViewLogo.swift */ = {isa = PBXFileReference; lastKnownFileType = sourcecode.swift; path = TopViewLogo.swift; sourceTree = "<group>"; };
		0960EE2225DDA58B00656093 /* AnchorExtension.swift */ = {isa = PBXFileReference; lastKnownFileType = sourcecode.swift; path = AnchorExtension.swift; sourceTree = "<group>"; };
		09AA3BD125E4062D00B0E290 /* TaskProtocols.swift */ = {isa = PBXFileReference; lastKnownFileType = sourcecode.swift; path = TaskProtocols.swift; sourceTree = "<group>"; };
		09AA3BE425E4FFB500B0E290 /* EditScreenController.swift */ = {isa = PBXFileReference; lastKnownFileType = sourcecode.swift; path = EditScreenController.swift; sourceTree = "<group>"; };
		09AA3BE825E52C4C00B0E290 /* BottomView.swift */ = {isa = PBXFileReference; lastKnownFileType = sourcecode.swift; path = BottomView.swift; sourceTree = "<group>"; };
		09AA3BF325E68CD500B0E290 /* CustomTextField.swift */ = {isa = PBXFileReference; lastKnownFileType = sourcecode.swift; path = CustomTextField.swift; sourceTree = "<group>"; };
		09AA3BF625E691BD00B0E290 /* DataFieldsModel.swift */ = {isa = PBXFileReference; lastKnownFileType = sourcecode.swift; path = DataFieldsModel.swift; sourceTree = "<group>"; };
		09AA3BF925E6922000B0E290 /* DescriptionTaskField.swift */ = {isa = PBXFileReference; lastKnownFileType = sourcecode.swift; path = DescriptionTaskField.swift; sourceTree = "<group>"; };
		09AA3C2725EA5D2400B0E290 /* FieldsProtocols.swift */ = {isa = PBXFileReference; lastKnownFileType = sourcecode.swift; path = FieldsProtocols.swift; sourceTree = "<group>"; };
		09AA3C2D25EA96EB00B0E290 /* PresentDataMode.swift */ = {isa = PBXFileReference; lastKnownFileType = sourcecode.swift; path = PresentDataMode.swift; sourceTree = "<group>"; };
		09C5748D25E161CA0092CC26 /* CenterYTextViewExtension.swift */ = {isa = PBXFileReference; lastKnownFileType = sourcecode.swift; path = CenterYTextViewExtension.swift; sourceTree = "<group>"; };
/* End PBXFileReference section */

/* Begin PBXFrameworksBuildPhase section */
		09189EE825DAF6CD00A84EAF /* Frameworks */ = {
			isa = PBXFrameworksBuildPhase;
			buildActionMask = 2147483647;
			files = (
			);
			runOnlyForDeploymentPostprocessing = 0;
		};
/* End PBXFrameworksBuildPhase section */

/* Begin PBXGroup section */
		09189EE225DAF6CD00A84EAF = {
			isa = PBXGroup;
			children = (
				09189EED25DAF6CD00A84EAF /* PlanIt */,
				09189EEC25DAF6CD00A84EAF /* Products */,
			);
			sourceTree = "<group>";
		};
		09189EEC25DAF6CD00A84EAF /* Products */ = {
			isa = PBXGroup;
			children = (
				09189EEB25DAF6CD00A84EAF /* PlanIt.app */,
			);
			name = Products;
			sourceTree = "<group>";
		};
		09189EED25DAF6CD00A84EAF /* PlanIt */ = {
			isa = PBXGroup;
			children = (
				09189F0325DBB19700A84EAF /* Application  */,
				09189F0D25DBCE1600A84EAF /* TasksScreen */,
				09AA3BE025E4FF5F00B0E290 /* EditScreen */,
				0960EE2125DDA57800656093 /* Extensions */,
				09189F0425DBB1CD00A84EAF /* Support Files */,
			);
			path = PlanIt;
			sourceTree = "<group>";
		};
		09189F0325DBB19700A84EAF /* Application  */ = {
			isa = PBXGroup;
			children = (
				09189F0B25DBB7CD00A84EAF /* Splash Screen */,
				09189F0A25DBB7BB00A84EAF /* View */,
				09189F0925DBB7AD00A84EAF /* Controller */,
			);
			path = "Application ";
			sourceTree = "<group>";
		};
		09189F0425DBB1CD00A84EAF /* Support Files */ = {
			isa = PBXGroup;
			children = (
				09189EFC25DAF6D000A84EAF /* Info.plist */,
				09189EF725DAF6D000A84EAF /* Assets.xcassets */,
			);
			path = "Support Files";
			sourceTree = "<group>";
		};
		09189F0925DBB7AD00A84EAF /* Controller */ = {
			isa = PBXGroup;
			children = (
				09189EEE25DAF6CD00A84EAF /* AppDelegate.swift */,
				09189EF025DAF6CD00A84EAF /* SceneDelegate.swift */,
			);
			path = Controller;
			sourceTree = "<group>";
		};
		09189F0A25DBB7BB00A84EAF /* View */ = {
			isa = PBXGroup;
			children = (
				09189EF425DAF6CD00A84EAF /* Main.storyboard */,
			);
			path = View;
			sourceTree = "<group>";
		};
		09189F0B25DBB7CD00A84EAF /* Splash Screen */ = {
			isa = PBXGroup;
			children = (
				09189EF925DAF6D000A84EAF /* LaunchScreen.storyboard */,
			);
			path = "Splash Screen";
			sourceTree = "<group>";
		};
		09189F0D25DBCE1600A84EAF /* TasksScreen */ = {
			isa = PBXGroup;
			children = (
				09AA3BD725E436E700B0E290 /* Protocols */,
				09189F1425DBCE6400A84EAF /* Model */,
				09189F1325DBCE5C00A84EAF /* View */,
				09189F1225DBCE5300A84EAF /* Controller */,
			);
			path = TasksScreen;
			sourceTree = "<group>";
		};
		09189F1225DBCE5300A84EAF /* Controller */ = {
			isa = PBXGroup;
			children = (
				09189F0E25DBCE4D00A84EAF /* TasksController.swift */,
			);
			path = Controller;
			sourceTree = "<group>";
		};
		09189F1325DBCE5C00A84EAF /* View */ = {
			isa = PBXGroup;
			children = (
				09AA3BE725E52C1D00B0E290 /* BottomView */,
				09189F2325DC248800A84EAF /* CustomCell */,
				09189F2225DC246C00A84EAF /* TopViewLogo */,
			);
			path = View;
			sourceTree = "<group>";
		};
		09189F1425DBCE6400A84EAF /* Model */ = {
			isa = PBXGroup;
			children = (
				09189F1625DBF30A00A84EAF /* StorageTasksModel.swift */,
			);
			path = Model;
			sourceTree = "<group>";
		};
		09189F2225DC246C00A84EAF /* TopViewLogo */ = {
			isa = PBXGroup;
			children = (
				09189F2425DC24B100A84EAF /* TopViewLogo.swift */,
			);
			path = TopViewLogo;
			sourceTree = "<group>";
		};
		09189F2325DC248800A84EAF /* CustomCell */ = {
			isa = PBXGroup;
			children = (
				09189F1E25DC0F5A00A84EAF /* CustomCell.swift */,
			);
			path = CustomCell;
			sourceTree = "<group>";
		};
		0960EE2125DDA57800656093 /* Extensions */ = {
			isa = PBXGroup;
			children = (
				0960EE2225DDA58B00656093 /* AnchorExtension.swift */,
				09C5748D25E161CA0092CC26 /* CenterYTextViewExtension.swift */,
			);
			path = Extensions;
			sourceTree = "<group>";
		};
		09AA3BD725E436E700B0E290 /* Protocols */ = {
			isa = PBXGroup;
			children = (
				09AA3BD125E4062D00B0E290 /* TaskProtocols.swift */,
			);
			path = Protocols;
			sourceTree = "<group>";
		};
		09AA3BE025E4FF5F00B0E290 /* EditScreen */ = {
			isa = PBXGroup;
			children = (
				09AA3C2525EA5CE400B0E290 /* Protocols */,
				09AA3BE125E4FF8400B0E290 /* Model */,
				09AA3BE225E4FF8A00B0E290 /* View */,
				09AA3BE325E4FF9000B0E290 /* Cotroller */,
			);
			path = EditScreen;
			sourceTree = "<group>";
		};
		09AA3BE125E4FF8400B0E290 /* Model */ = {
			isa = PBXGroup;
			children = (
				09AA3BF625E691BD00B0E290 /* DataFieldsModel.swift */,
				09AA3C2D25EA96EB00B0E290 /* PresentDataMode.swift */,
			);
			path = Model;
			sourceTree = "<group>";
		};
		09AA3BE225E4FF8A00B0E290 /* View */ = {
			isa = PBXGroup;
			children = (
				09AA3BF325E68CD500B0E290 /* CustomTextField.swift */,
				09AA3BF925E6922000B0E290 /* DescriptionTaskField.swift */,
			);
			path = View;
			sourceTree = "<group>";
		};
		09AA3BE325E4FF9000B0E290 /* Cotroller */ = {
			isa = PBXGroup;
			children = (
				09AA3BE425E4FFB500B0E290 /* EditScreenController.swift */,
			);
			path = Cotroller;
			sourceTree = "<group>";
		};
		09AA3BE725E52C1D00B0E290 /* BottomView */ = {
			isa = PBXGroup;
			children = (
				09AA3BE825E52C4C00B0E290 /* BottomView.swift */,
			);
			path = BottomView;
			sourceTree = "<group>";
		};
		09AA3C2525EA5CE400B0E290 /* Protocols */ = {
			isa = PBXGroup;
			children = (
				09AA3C2725EA5D2400B0E290 /* FieldsProtocols.swift */,
			);
			path = Protocols;
			sourceTree = "<group>";
		};
/* End PBXGroup section */

/* Begin PBXNativeTarget section */
		09189EEA25DAF6CD00A84EAF /* PlanIt */ = {
			isa = PBXNativeTarget;
			buildConfigurationList = 09189EFF25DAF6D000A84EAF /* Build configuration list for PBXNativeTarget "PlanIt" */;
			buildPhases = (
				09189EE725DAF6CD00A84EAF /* Sources */,
				09189EE825DAF6CD00A84EAF /* Frameworks */,
				09189EE925DAF6CD00A84EAF /* Resources */,
			);
			buildRules = (
			);
			dependencies = (
			);
			name = PlanIt;
			productName = JustDoIt;
			productReference = 09189EEB25DAF6CD00A84EAF /* PlanIt.app */;
			productType = "com.apple.product-type.application";
		};
/* End PBXNativeTarget section */

/* Begin PBXProject section */
		09189EE325DAF6CD00A84EAF /* Project object */ = {
			isa = PBXProject;
			attributes = {
				LastSwiftUpdateCheck = 1240;
				LastUpgradeCheck = 1240;
				TargetAttributes = {
					09189EEA25DAF6CD00A84EAF = {
						CreatedOnToolsVersion = 12.4;
					};
				};
			};
			buildConfigurationList = 09189EE625DAF6CD00A84EAF /* Build configuration list for PBXProject "PlanIt" */;
			compatibilityVersion = "Xcode 9.3";
			developmentRegion = en;
			hasScannedForEncodings = 0;
			knownRegions = (
				en,
				Base,
			);
			mainGroup = 09189EE225DAF6CD00A84EAF;
			productRefGroup = 09189EEC25DAF6CD00A84EAF /* Products */;
			projectDirPath = "";
			projectRoot = "";
			targets = (
				09189EEA25DAF6CD00A84EAF /* PlanIt */,
			);
		};
/* End PBXProject section */

/* Begin PBXResourcesBuildPhase section */
		09189EE925DAF6CD00A84EAF /* Resources */ = {
			isa = PBXResourcesBuildPhase;
			buildActionMask = 2147483647;
			files = (
				09189EFB25DAF6D000A84EAF /* LaunchScreen.storyboard in Resources */,
				09189EF825DAF6D000A84EAF /* Assets.xcassets in Resources */,
				09189EF625DAF6CD00A84EAF /* Main.storyboard in Resources */,
			);
			runOnlyForDeploymentPostprocessing = 0;
		};
/* End PBXResourcesBuildPhase section */

/* Begin PBXSourcesBuildPhase section */
		09189EE725DAF6CD00A84EAF /* Sources */ = {
			isa = PBXSourcesBuildPhase;
			buildActionMask = 2147483647;
			files = (
				09AA3C2E25EA96EB00B0E290 /* PresentDataMode.swift in Sources */,
				09AA3BFA25E6922000B0E290 /* DescriptionTaskField.swift in Sources */,
				09AA3BF425E68CD500B0E290 /* CustomTextField.swift in Sources */,
				09C5748E25E161CA0092CC26 /* CenterYTextViewExtension.swift in Sources */,
				0960EE2325DDA58B00656093 /* AnchorExtension.swift in Sources */,
				09AA3BE525E4FFB500B0E290 /* EditScreenController.swift in Sources */,
				09AA3BE925E52C4C00B0E290 /* BottomView.swift in Sources */,
				09AA3BF725E691BD00B0E290 /* DataFieldsModel.swift in Sources */,
				09189F1725DBF30A00A84EAF /* StorageTasksModel.swift in Sources */,
				09189F2525DC24B100A84EAF /* TopViewLogo.swift in Sources */,
				09189F1F25DC0F5A00A84EAF /* CustomCell.swift in Sources */,
				09189EEF25DAF6CD00A84EAF /* AppDelegate.swift in Sources */,
				09AA3C2825EA5D2400B0E290 /* FieldsProtocols.swift in Sources */,
				09189F0F25DBCE4D00A84EAF /* TasksController.swift in Sources */,
				09189EF125DAF6CD00A84EAF /* SceneDelegate.swift in Sources */,
				09AA3BD225E4062D00B0E290 /* TaskProtocols.swift in Sources */,
			);
			runOnlyForDeploymentPostprocessing = 0;
		};
/* End PBXSourcesBuildPhase section */

/* Begin PBXVariantGroup section */
		09189EF425DAF6CD00A84EAF /* Main.storyboard */ = {
			isa = PBXVariantGroup;
			children = (
				09189EF525DAF6CD00A84EAF /* Base */,
			);
			name = Main.storyboard;
			sourceTree = "<group>";
		};
		09189EF925DAF6D000A84EAF /* LaunchScreen.storyboard */ = {
			isa = PBXVariantGroup;
			children = (
				09189EFA25DAF6D000A84EAF /* Base */,
			);
			name = LaunchScreen.storyboard;
			sourceTree = "<group>";
		};
/* End PBXVariantGroup section */

/* Begin XCBuildConfiguration section */
		09189EFD25DAF6D000A84EAF /* Debug */ = {
			isa = XCBuildConfiguration;
			buildSettings = {
				ALWAYS_SEARCH_USER_PATHS = NO;
				CLANG_ANALYZER_NONNULL = YES;
				CLANG_ANALYZER_NUMBER_OBJECT_CONVERSION = YES_AGGRESSIVE;
				CLANG_CXX_LANGUAGE_STANDARD = "gnu++14";
				CLANG_CXX_LIBRARY = "libc++";
				CLANG_ENABLE_MODULES = YES;
				CLANG_ENABLE_OBJC_ARC = YES;
				CLANG_ENABLE_OBJC_WEAK = YES;
				CLANG_WARN_BLOCK_CAPTURE_AUTORELEASING = YES;
				CLANG_WARN_BOOL_CONVERSION = YES;
				CLANG_WARN_COMMA = YES;
				CLANG_WARN_CONSTANT_CONVERSION = YES;
				CLANG_WARN_DEPRECATED_OBJC_IMPLEMENTATIONS = YES;
				CLANG_WARN_DIRECT_OBJC_ISA_USAGE = YES_ERROR;
				CLANG_WARN_DOCUMENTATION_COMMENTS = YES;
				CLANG_WARN_EMPTY_BODY = YES;
				CLANG_WARN_ENUM_CONVERSION = YES;
				CLANG_WARN_INFINITE_RECURSION = YES;
				CLANG_WARN_INT_CONVERSION = YES;
				CLANG_WARN_NON_LITERAL_NULL_CONVERSION = YES;
				CLANG_WARN_OBJC_IMPLICIT_RETAIN_SELF = YES;
				CLANG_WARN_OBJC_LITERAL_CONVERSION = YES;
				CLANG_WARN_OBJC_ROOT_CLASS = YES_ERROR;
				CLANG_WARN_QUOTED_INCLUDE_IN_FRAMEWORK_HEADER = YES;
				CLANG_WARN_RANGE_LOOP_ANALYSIS = YES;
				CLANG_WARN_STRICT_PROTOTYPES = YES;
				CLANG_WARN_SUSPICIOUS_MOVE = YES;
				CLANG_WARN_UNGUARDED_AVAILABILITY = YES_AGGRESSIVE;
				CLANG_WARN_UNREACHABLE_CODE = YES;
				CLANG_WARN__DUPLICATE_METHOD_MATCH = YES;
				COPY_PHASE_STRIP = NO;
				DEBUG_INFORMATION_FORMAT = dwarf;
				ENABLE_STRICT_OBJC_MSGSEND = YES;
				ENABLE_TESTABILITY = YES;
				GCC_C_LANGUAGE_STANDARD = gnu11;
				GCC_DYNAMIC_NO_PIC = NO;
				GCC_NO_COMMON_BLOCKS = YES;
				GCC_OPTIMIZATION_LEVEL = 0;
				GCC_PREPROCESSOR_DEFINITIONS = (
					"DEBUG=1",
					"$(inherited)",
				);
				GCC_WARN_64_TO_32_BIT_CONVERSION = YES;
				GCC_WARN_ABOUT_RETURN_TYPE = YES_ERROR;
				GCC_WARN_UNDECLARED_SELECTOR = YES;
				GCC_WARN_UNINITIALIZED_AUTOS = YES_AGGRESSIVE;
				GCC_WARN_UNUSED_FUNCTION = YES;
				GCC_WARN_UNUSED_VARIABLE = YES;
				IPHONEOS_DEPLOYMENT_TARGET = 14.4;
				MTL_ENABLE_DEBUG_INFO = INCLUDE_SOURCE;
				MTL_FAST_MATH = YES;
				ONLY_ACTIVE_ARCH = YES;
				SDKROOT = iphoneos;
				SWIFT_ACTIVE_COMPILATION_CONDITIONS = DEBUG;
				SWIFT_OPTIMIZATION_LEVEL = "-Onone";
			};
			name = Debug;
		};
		09189EFE25DAF6D000A84EAF /* Release */ = {
			isa = XCBuildConfiguration;
			buildSettings = {
				ALWAYS_SEARCH_USER_PATHS = NO;
				CLANG_ANALYZER_NONNULL = YES;
				CLANG_ANALYZER_NUMBER_OBJECT_CONVERSION = YES_AGGRESSIVE;
				CLANG_CXX_LANGUAGE_STANDARD = "gnu++14";
				CLANG_CXX_LIBRARY = "libc++";
				CLANG_ENABLE_MODULES = YES;
				CLANG_ENABLE_OBJC_ARC = YES;
				CLANG_ENABLE_OBJC_WEAK = YES;
				CLANG_WARN_BLOCK_CAPTURE_AUTORELEASING = YES;
				CLANG_WARN_BOOL_CONVERSION = YES;
				CLANG_WARN_COMMA = YES;
				CLANG_WARN_CONSTANT_CONVERSION = YES;
				CLANG_WARN_DEPRECATED_OBJC_IMPLEMENTATIONS = YES;
				CLANG_WARN_DIRECT_OBJC_ISA_USAGE = YES_ERROR;
				CLANG_WARN_DOCUMENTATION_COMMENTS = YES;
				CLANG_WARN_EMPTY_BODY = YES;
				CLANG_WARN_ENUM_CONVERSION = YES;
				CLANG_WARN_INFINITE_RECURSION = YES;
				CLANG_WARN_INT_CONVERSION = YES;
				CLANG_WARN_NON_LITERAL_NULL_CONVERSION = YES;
				CLANG_WARN_OBJC_IMPLICIT_RETAIN_SELF = YES;
				CLANG_WARN_OBJC_LITERAL_CONVERSION = YES;
				CLANG_WARN_OBJC_ROOT_CLASS = YES_ERROR;
				CLANG_WARN_QUOTED_INCLUDE_IN_FRAMEWORK_HEADER = YES;
				CLANG_WARN_RANGE_LOOP_ANALYSIS = YES;
				CLANG_WARN_STRICT_PROTOTYPES = YES;
				CLANG_WARN_SUSPICIOUS_MOVE = YES;
				CLANG_WARN_UNGUARDED_AVAILABILITY = YES_AGGRESSIVE;
				CLANG_WARN_UNREACHABLE_CODE = YES;
				CLANG_WARN__DUPLICATE_METHOD_MATCH = YES;
				COPY_PHASE_STRIP = NO;
				DEBUG_INFORMATION_FORMAT = "dwarf-with-dsym";
				ENABLE_NS_ASSERTIONS = NO;
				ENABLE_STRICT_OBJC_MSGSEND = YES;
				GCC_C_LANGUAGE_STANDARD = gnu11;
				GCC_NO_COMMON_BLOCKS = YES;
				GCC_WARN_64_TO_32_BIT_CONVERSION = YES;
				GCC_WARN_ABOUT_RETURN_TYPE = YES_ERROR;
				GCC_WARN_UNDECLARED_SELECTOR = YES;
				GCC_WARN_UNINITIALIZED_AUTOS = YES_AGGRESSIVE;
				GCC_WARN_UNUSED_FUNCTION = YES;
				GCC_WARN_UNUSED_VARIABLE = YES;
				IPHONEOS_DEPLOYMENT_TARGET = 14.4;
				MTL_ENABLE_DEBUG_INFO = NO;
				MTL_FAST_MATH = YES;
				SDKROOT = iphoneos;
				SWIFT_COMPILATION_MODE = wholemodule;
				SWIFT_OPTIMIZATION_LEVEL = "-O";
				VALIDATE_PRODUCT = YES;
			};
			name = Release;
		};
		09189F0025DAF6D000A84EAF /* Debug */ = {
			isa = XCBuildConfiguration;
			buildSettings = {
				ASSETCATALOG_COMPILER_APPICON_NAME = AppIcon;
				ASSETCATALOG_COMPILER_GLOBAL_ACCENT_COLOR_NAME = AccentColor;
				CODE_SIGN_STYLE = Automatic;
				DEVELOPMENT_TEAM = M4SYWM5RST;
				INFOPLIST_FILE = "PlanIt/Support Files/Info.plist";
				LD_RUNPATH_SEARCH_PATHS = (
					"$(inherited)",
					"@executable_path/Frameworks",
				);
				PRODUCT_BUNDLE_IDENTIFIER = "ArticRomantics-prod.JustDoIt";
				PRODUCT_NAME = "$(TARGET_NAME)";
				SWIFT_VERSION = 5.0;
				TARGETED_DEVICE_FAMILY = "1,2";
			};
			name = Debug;
		};
		09189F0125DAF6D000A84EAF /* Release */ = {
			isa = XCBuildConfiguration;
			buildSettings = {
				ASSETCATALOG_COMPILER_APPICON_NAME = AppIcon;
				ASSETCATALOG_COMPILER_GLOBAL_ACCENT_COLOR_NAME = AccentColor;
				CODE_SIGN_STYLE = Automatic;
				DEVELOPMENT_TEAM = M4SYWM5RST;
				INFOPLIST_FILE = "PlanIt/Support Files/Info.plist";
				LD_RUNPATH_SEARCH_PATHS = (
					"$(inherited)",
					"@executable_path/Frameworks",
				);
				PRODUCT_BUNDLE_IDENTIFIER = "ArticRomantics-prod.JustDoIt";
				PRODUCT_NAME = "$(TARGET_NAME)";
				SWIFT_VERSION = 5.0;
				TARGETED_DEVICE_FAMILY = "1,2";
			};
			name = Release;
		};
/* End XCBuildConfiguration section */

/* Begin XCConfigurationList section */
		09189EE625DAF6CD00A84EAF /* Build configuration list for PBXProject "PlanIt" */ = {
			isa = XCConfigurationList;
			buildConfigurations = (
				09189EFD25DAF6D000A84EAF /* Debug */,
				09189EFE25DAF6D000A84EAF /* Release */,
			);
			defaultConfigurationIsVisible = 0;
			defaultConfigurationName = Release;
		};
		09189EFF25DAF6D000A84EAF /* Build configuration list for PBXNativeTarget "PlanIt" */ = {
			isa = XCConfigurationList;
			buildConfigurations = (
				09189F0025DAF6D000A84EAF /* Debug */,
				09189F0125DAF6D000A84EAF /* Release */,
			);
			defaultConfigurationIsVisible = 0;
			defaultConfigurationName = Release;
		};
/* End XCConfigurationList section */
	};
	rootObject = 09189EE325DAF6CD00A84EAF /* Project object */;
}
